
Microsoft Visual Studio Solution File, Format Version 11.00
# Visual Studio 2010
Project("{FAE04EC0-301F-11D3-BF4B-00C04F79EFBC}") = "Assembly-CSharp", "Assembly-CSharp.csproj", "{C7DFC56C-4389-1D33-BF40-6F9E961604E4}"
EndProject
Project("{FAE04EC0-301F-11D3-BF4B-00C04F79EFBC}") = "Assembly-CSharp-firstpass", "Assembly-CSharp-firstpass.csproj", "{A379F4CA-BEC5-F591-1E31-A667D8EC8AC6}"
EndProject
Project("{FAE04EC0-301F-11D3-BF4B-00C04F79EFBC}") = "Assembly-CSharp-Editor-firstpass", "Assembly-CSharp-Editor-firstpass.csproj", "{5EBA183B-2E8E-AE4E-35CB-B735B455C23E}"
EndProject
Global
	GlobalSection(SolutionConfigurationPlatforms) = preSolution
		Debug|Any CPU = Debug|Any CPU
		Release|Any CPU = Release|Any CPU
	EndGlobalSection
	GlobalSection(ProjectConfigurationPlatforms) = postSolution
		{C7DFC56C-4389-1D33-BF40-6F9E961604E4}.Debug|Any CPU.ActiveCfg = Debug|Any CPU
		{C7DFC56C-4389-1D33-BF40-6F9E961604E4}.Debug|Any CPU.Build.0 = Debug|Any CPU
		{C7DFC56C-4389-1D33-BF40-6F9E961604E4}.Release|Any CPU.ActiveCfg = Release|Any CPU
		{C7DFC56C-4389-1D33-BF40-6F9E961604E4}.Release|Any CPU.Build.0 = Release|Any CPU
		{A379F4CA-BEC5-F591-1E31-A667D8EC8AC6}.Debug|Any CPU.ActiveCfg = Debug|Any CPU
		{A379F4CA-BEC5-F591-1E31-A667D8EC8AC6}.Debug|Any CPU.Build.0 = Debug|Any CPU
		{A379F4CA-BEC5-F591-1E31-A667D8EC8AC6}.Release|Any CPU.ActiveCfg = Release|Any CPU
		{A379F4CA-BEC5-F591-1E31-A667D8EC8AC6}.Release|Any CPU.Build.0 = Release|Any CPU
		{5EBA183B-2E8E-AE4E-35CB-B735B455C23E}.Debug|Any CPU.ActiveCfg = Debug|Any CPU
		{5EBA183B-2E8E-AE4E-35CB-B735B455C23E}.Debug|Any CPU.Build.0 = Debug|Any CPU
		{5EBA183B-2E8E-AE4E-35CB-B735B455C23E}.Release|Any CPU.ActiveCfg = Release|Any CPU
		{5EBA183B-2E8E-AE4E-35CB-B735B455C23E}.Release|Any CPU.Build.0 = Release|Any CPU
	EndGlobalSection
	GlobalSection(SolutionProperties) = preSolution
		HideSolutionNode = FALSE
	EndGlobalSection
EndGlobal
